{
  "name": "anyrtc-miniapp-tutorial",
  "version": "4.0.0",
  "lockfileVersion": 2,
  "requires": true,
  "packages": {
    "": {
      "name": "anyrtc-miniapp-tutorial",
      "version": "4.0.0",
      "license": "ISC",
      "dependencies": {
        "ar-rtc-miniapp": "^4.0.10",
        "ar-rtm-sdk": "^1.0.11",
        "miniprogram-sm-crypto": "^0.2.1"
      }
    },
    "node_modules/@types/wechat-miniprogram": {
      "version": "3.4.1",
      "resolved": "https://registry.npmmirror.com/@types/wechat-miniprogram/-/wechat-miniprogram-3.4.1.tgz",
      "integrity": "sha512-szbuYR32VotxNQNQ4YyQ6Ob3ya0tLY0zpf/xvi6DF8Oqb+0Y+5CL5BpxS+4wBSJvlu3VfSXhjxZ0ze1a3l16Pw=="
    },
    "node_modules/ar-rtc-miniapp": {
      "version": "4.0.10",
      "resolved": "https://registry.npmjs.org/ar-rtc-miniapp/-/ar-rtc-miniapp-4.0.10.tgz",
      "integrity": "sha512-3CKZvFVLqrhBhIEkloVgV9WWfuD/++N/RRaUBeRABAZFpwmNZgjJtvOsLW2OXqTIuh3gMic9KDIhwqkrbWIczw==",
      "dependencies": {
        "@types/wechat-miniprogram": "^3.0.0"
      }
    },
    "node_modules/ar-rtm-sdk": {
      "version": "1.0.11",
      "resolved": "https://registry.npmmirror.com/ar-rtm-sdk/-/ar-rtm-sdk-1.0.11.tgz",
      "integrity": "sha512-AUQJGCKXxGGOfFNnJV3KZtotlvupmyyqygx1Xp02GAYeREoTsvIXan3nGW74x/jhEa955rEAuJkaUcj6A1h9dg=="
    },
    "node_modules/jsbn": {
      "version": "1.1.0",
      "resolved": "https://registry.npmmirror.com/jsbn/-/jsbn-1.1.0.tgz",
      "integrity": "sha512-4bYVV3aAMtDTTu4+xsDYa6sy9GyJ69/amsu9sYF2zqjiEoZA5xJi3BrfX3uY+/IekIu7MwdObdbDWpoZdBv3/A=="
    },
    "node_modules/miniprogram-sm-crypto": {
      "version": "0.2.7",
      "resolved": "https://registry.npmmirror.com/miniprogram-sm-crypto/-/miniprogram-sm-crypto-0.2.7.tgz",
      "integrity": "sha512-/lFMt/dipKxDjV1LNyfJgwHDc+OA9O9JD6J0yqpXPTzohP46oD76Xm8s8cGydK2CPYcy2dLnS/dp7beLCaoZfg==",
      "dependencies": {
        "jsbn": "^1.1.0"
      }
    }
  },
  "dependencies": {
    "@types/wechat-miniprogram": {
      "version": "3.4.1",
      "resolved": "https://registry.npmmirror.com/@types/wechat-miniprogram/-/wechat-miniprogram-3.4.1.tgz",
      "integrity": "sha512-szbuYR32VotxNQNQ4YyQ6Ob3ya0tLY0zpf/xvi6DF8Oqb+0Y+5CL5BpxS+4wBSJvlu3VfSXhjxZ0ze1a3l16Pw=="
    },
    "ar-rtc-miniapp": {
      "version": "4.0.10",
      "resolved": "https://registry.npmjs.org/ar-rtc-miniapp/-/ar-rtc-miniapp-4.0.10.tgz",
      "integrity": "sha512-3CKZvFVLqrhBhIEkloVgV9WWfuD/++N/RRaUBeRABAZFpwmNZgjJtvOsLW2OXqTIuh3gMic9KDIhwqkrbWIczw==",
      "requires": {
        "@types/wechat-miniprogram": "^3.0.0"
      }
    },
    "ar-rtm-sdk": {
      "version": "1.0.11",
      "resolved": "https://registry.npmmirror.com/ar-rtm-sdk/-/ar-rtm-sdk-1.0.11.tgz",
      "integrity": "sha512-AUQJGCKXxGGOfFNnJV3KZtotlvupmyyqygx1Xp02GAYeREoTsvIXan3nGW74x/jhEa955rEAuJkaUcj6A1h9dg=="
    },
    "jsbn": {
      "version": "1.1.0",
      "resolved": "https://registry.npmmirror.com/jsbn/-/jsbn-1.1.0.tgz",
      "integrity": "sha512-4bYVV3aAMtDTTu4+xsDYa6sy9GyJ69/amsu9sYF2zqjiEoZA5xJi3BrfX3uY+/IekIu7MwdObdbDWpoZdBv3/A=="
    },
    "miniprogram-sm-crypto": {
      "version": "0.2.7",
      "resolved": "https://registry.npmmirror.com/miniprogram-sm-crypto/-/miniprogram-sm-crypto-0.2.7.tgz",
      "integrity": "sha512-/lFMt/dipKxDjV1LNyfJgwHDc+OA9O9JD6J0yqpXPTzohP46oD76Xm8s8cGydK2CPYcy2dLnS/dp7beLCaoZfg==",
      "requires": {
        "jsbn": "^1.1.0"
      }
    }
  }
}
